PODS:
  - Alamofire (5.4.3)
  - AnyCodable-FlightSchool (0.6.0)
  - Moya (14.0.0):
    - Moya/Core (= 14.0.0)
  - Moya/Core (14.0.0):
    - Alamofire (~> 5.0)
  - PinLayout (1.10.0)

DEPENDENCIES:
  - AnyCodable-FlightSchool (~> 0.6.0)
  - Moya
  - PinLayout

SPEC REPOS:
  trunk:
    - Alamofire
    - AnyCodable-FlightSchool
    - Moya
    - PinLayout

SPEC CHECKSUMS:
  Alamofire: e447a2774a40c996748296fa2c55112fdbbc42f9
  AnyCodable-FlightSchool: 7f109e39278ee0c6d02506530e930e7cff1aa07c
  Moya: 5b45dacb75adb009f97fde91c204c1e565d31916
  PinLayout: e50e9a748b632905fca6e67043ea4b05d6c92186

PODFILE CHECKSUM: 9a1caa7acaba8a5fa9c205f16cfdedccc1e1adf0

COCOAPODS: 1.10.1
